# THIS IS AN AUTOGENERATED FILE. DO NOT EDIT THIS FILE DIRECTLY.
# yarn lockfile v1


"@oxlint/darwin-arm64@0.16.3":
  version "0.16.3"
  resolved "https://registry.yarnpkg.com/@oxlint/darwin-arm64/-/darwin-arm64-0.16.3.tgz#c717e8fbae2e67c841f0965f18df629134832cd4"
  integrity sha512-X0VSK4mjPWJTzNHTExFlN+MdEVbxhdl/fXSLDKPf8Sm46ebY7qat8Df06Z0fncZc1+aDAb32xDy0U3cnUA1vgg==

"@oxlint/darwin-x64@0.16.3":
  version "0.16.3"
  resolved "https://registry.yarnpkg.com/@oxlint/darwin-x64/-/darwin-x64-0.16.3.tgz#be981a471f67a182d84e33ec2042e8765e6b3149"
  integrity sha512-/fTRMu2wjSbp9ai6jFlNSOME3Eoq9+7W9JpGyi7s3vht5PnqKVSCZVXaawEAlHgFIlcwi9MZHbRo6GDsqfZnuw==

"@oxlint/linux-arm64-gnu@0.16.3":
  version "0.16.3"
  resolved "https://registry.yarnpkg.com/@oxlint/linux-arm64-gnu/-/linux-arm64-gnu-0.16.3.tgz#77406b52f55b4852bc4ea86ee1039c385e070a0c"
  integrity sha512-t1xtcbHoJGpE/0oRA8z2/szBB0gHGy0eua0ko57Lo1LscHiyvkmpqPJTiaR8+1b+EbGO8KKgLcKDoxqvmIqDbA==

"@oxlint/linux-arm64-musl@0.16.3":
  version "0.16.3"
  resolved "https://registry.yarnpkg.com/@oxlint/linux-arm64-musl/-/linux-arm64-musl-0.16.3.tgz#54096239ecb42cf35b461bd7ccb2f0d9ba2107c5"
  integrity sha512-N0kCa9K9MssXO/Gk6tPHYQWUdWhEJPek4rsYRLXyoVKX0c36Ty66Ye74LiDtFkkB33S0P38hTAwYWF68nqCEmw==

"@oxlint/linux-x64-gnu@0.16.3":
  version "0.16.3"
  resolved "https://registry.yarnpkg.com/@oxlint/linux-x64-gnu/-/linux-x64-gnu-0.16.3.tgz#137c4b9837433e94c82c87bfeccffbd2dd0af743"
  integrity sha512-f/MzfVTTxdO2YqWLvv/yyDF4O82yBC9KsDgd01M3M2cqrBlczDZ8FZaVAMO9RzKGiPZi6nwxxK0VPaLzGEc3XQ==

"@oxlint/linux-x64-musl@0.16.3":
  version "0.16.3"
  resolved "https://registry.yarnpkg.com/@oxlint/linux-x64-musl/-/linux-x64-musl-0.16.3.tgz#63376622a488e535b9164353bfda131d1622c212"
  integrity sha512-xdAtPsXkAe1XyXGTwmhDRy48j9EOUMiT7yL0OziHndU8U5/kfrEXgwLAw0tb8XEvfu5ZVn76EtTyQxpG0KkPpw==

"@oxlint/win32-arm64@0.16.3":
  version "0.16.3"
  resolved "https://registry.yarnpkg.com/@oxlint/win32-arm64/-/win32-arm64-0.16.3.tgz#4c0f490c371402f7543da346207c232e8a1c026d"
  integrity sha512-B54p7IrcACUEypQtKzMJ07xP+pFJbTwktB9TuANogMIMo33DsxoBvAYoGFOL/sFq1Dvg5jtCa6LX1dAzSPXwTA==

"@oxlint/win32-x64@0.16.3":
  version "0.16.3"
  resolved "https://registry.yarnpkg.com/@oxlint/win32-x64/-/win32-x64-0.16.3.tgz#3ebd8d3b2f65c9c0dc686ec34db8b7872654f750"
  integrity sha512-ZpnyNyXAS5xsZggOD2V5tYYBALnW8p0w70UNXPWnXl3ScAb3QMW7IQRyOvKNPbXyW7XNYebWlgJkSCFij9gKvA==

oxlint@^0.16.3:
  version "0.16.3"
  resolved "https://registry.yarnpkg.com/oxlint/-/oxlint-0.16.3.tgz#0417921aed440c1e20017cd8200e8ae46d15596c"
  integrity sha512-CqHLqyVLL0UYLsJTLHuwzbM3/dCxA5v0ngSCTnVFYwQsj8qYr8p1KS0TbCX4Mv20vcOJifSoQdQhvNcWFSKMZw==
  optionalDependencies:
    "@oxlint/darwin-arm64" "0.16.3"
    "@oxlint/darwin-x64" "0.16.3"
    "@oxlint/linux-arm64-gnu" "0.16.3"
    "@oxlint/linux-arm64-musl" "0.16.3"
    "@oxlint/linux-x64-gnu" "0.16.3"
    "@oxlint/linux-x64-musl" "0.16.3"
    "@oxlint/win32-arm64" "0.16.3"
    "@oxlint/win32-x64" "0.16.3"
